
Microsoft Visual Studio Solution File, Format Version 12.00
# Visual Studio 15
VisualStudioVersion = 15.0.28307.438
MinimumVisualStudioVersion = 10.0.40219.1
Project("{9A19103F-16F7-4668-BE54-9A1E7A4F7556}") = "DDD.Samples.Domain", "DDD.Samples.Domain\DDD.Samples.Domain.csproj", "{00AFE916-321D-4719-AAF9-215FA2DCF328}"
EndProject
Project("{9A19103F-16F7-4668-BE54-9A1E7A4F7556}") = "DDD.Samples.Application", "DDD.Samples.Web\DDD.Samples.Application.csproj", "{CDA56A22-CEBF-433C-AE7E-B3671CE7874D}"
EndProject
Project("{9A19103F-16F7-4668-BE54-9A1E7A4F7556}") = "DDD.Samples.Infrastructure", "DDD.Samples.Infrastructure\DDD.Samples.Infrastructure.csproj", "{2B862502-961C-4659-9C83-5321D1699842}"
EndProject
Project("{9A19103F-16F7-4668-BE54-9A1E7A4F7556}") = "DDD.Samples.Api", "DDD.Samples.UI\DDD.Samples.Api.csproj", "{219A1769-E593-47F5-87B3-24DE572C206E}"
EndProject
Project("{2150E333-8FDC-42A3-9474-1A3956D46DE8}") = "test", "test", "{90036205-3E50-4CCF-9B36-4650618E973F}"
EndProject
Project("{FAE04EC0-301F-11D3-BF4B-00C04F79EFBC}") = "DDD.Samples.Domain_Test", "DDD.Samples.Domain_Test\DDD.Samples.Domain_Test.csproj", "{53A2FB1F-116F-4466-B219-193280969977}"
EndProject
Global
	GlobalSection(SolutionConfigurationPlatforms) = preSolution
		Debug|Any CPU = Debug|Any CPU
		Release|Any CPU = Release|Any CPU
	EndGlobalSection
	GlobalSection(ProjectConfigurationPlatforms) = postSolution
		{00AFE916-321D-4719-AAF9-215FA2DCF328}.Debug|Any CPU.ActiveCfg = Debug|Any CPU
		{00AFE916-321D-4719-AAF9-215FA2DCF328}.Debug|Any CPU.Build.0 = Debug|Any CPU
		{00AFE916-321D-4719-AAF9-215FA2DCF328}.Release|Any CPU.ActiveCfg = Release|Any CPU
		{00AFE916-321D-4719-AAF9-215FA2DCF328}.Release|Any CPU.Build.0 = Release|Any CPU
		{CDA56A22-CEBF-433C-AE7E-B3671CE7874D}.Debug|Any CPU.ActiveCfg = Debug|Any CPU
		{CDA56A22-CEBF-433C-AE7E-B3671CE7874D}.Debug|Any CPU.Build.0 = Debug|Any CPU
		{CDA56A22-CEBF-433C-AE7E-B3671CE7874D}.Release|Any CPU.ActiveCfg = Release|Any CPU
		{CDA56A22-CEBF-433C-AE7E-B3671CE7874D}.Release|Any CPU.Build.0 = Release|Any CPU
		{2B862502-961C-4659-9C83-5321D1699842}.Debug|Any CPU.ActiveCfg = Debug|Any CPU
		{2B862502-961C-4659-9C83-5321D1699842}.Debug|Any CPU.Build.0 = Debug|Any CPU
		{2B862502-961C-4659-9C83-5321D1699842}.Release|Any CPU.ActiveCfg = Release|Any CPU
		{2B862502-961C-4659-9C83-5321D1699842}.Release|Any CPU.Build.0 = Release|Any CPU
		{219A1769-E593-47F5-87B3-24DE572C206E}.Debug|Any CPU.ActiveCfg = Debug|Any CPU
		{219A1769-E593-47F5-87B3-24DE572C206E}.Debug|Any CPU.Build.0 = Debug|Any CPU
		{219A1769-E593-47F5-87B3-24DE572C206E}.Release|Any CPU.ActiveCfg = Release|Any CPU
		{219A1769-E593-47F5-87B3-24DE572C206E}.Release|Any CPU.Build.0 = Release|Any CPU
		{53A2FB1F-116F-4466-B219-193280969977}.Debug|Any CPU.ActiveCfg = Debug|Any CPU
		{53A2FB1F-116F-4466-B219-193280969977}.Debug|Any CPU.Build.0 = Debug|Any CPU
		{53A2FB1F-116F-4466-B219-193280969977}.Release|Any CPU.ActiveCfg = Release|Any CPU
		{53A2FB1F-116F-4466-B219-193280969977}.Release|Any CPU.Build.0 = Release|Any CPU
	EndGlobalSection
	GlobalSection(SolutionProperties) = preSolution
		HideSolutionNode = FALSE
	EndGlobalSection
	GlobalSection(NestedProjects) = preSolution
		{53A2FB1F-116F-4466-B219-193280969977} = {90036205-3E50-4CCF-9B36-4650618E973F}
	EndGlobalSection
	GlobalSection(ExtensibilityGlobals) = postSolution
		SolutionGuid = {A5B5AD96-A903-43CB-AE22-05E0F15E0BC1}
	EndGlobalSection
EndGlobal
