
Microsoft Visual Studio Solution File, Format Version 12.00
# Visual Studio Version 16
VisualStudioVersion = 16.0.28729.10
MinimumVisualStudioVersion = 10.0.40219.1
Project("{9A19103F-16F7-4668-BE54-9A1E7A4F7556}") = "Sample.Gateway", "Sample.Gateway\Sample.Gateway.csproj", "{3A2BD04F-3E19-4581-B01F-08ED954EB5CE}"
EndProject
Project("{FAE04EC0-301F-11D3-BF4B-00C04F79EFBC}") = "Sample.ApiServiceA", "Sample.ApiServiceA\Sample.ApiServiceA.csproj", "{D020ACE2-8DAD-43AB-B59B-30F7A4DCF6CD}"
EndProject
Project("{FAE04EC0-301F-11D3-BF4B-00C04F79EFBC}") = "Sample.ApiServiceB", "Sample.ApiServiceB\Sample.ApiServiceB.csproj", "{C4046DB8-27A3-4C98-9862-9A76B0A4FE9D}"
EndProject
Global
	GlobalSection(SolutionConfigurationPlatforms) = preSolution
		Debug|Any CPU = Debug|Any CPU
		Release|Any CPU = Release|Any CPU
	EndGlobalSection
	GlobalSection(ProjectConfigurationPlatforms) = postSolution
		{3A2BD04F-3E19-4581-B01F-08ED954EB5CE}.Debug|Any CPU.ActiveCfg = Debug|Any CPU
		{3A2BD04F-3E19-4581-B01F-08ED954EB5CE}.Debug|Any CPU.Build.0 = Debug|Any CPU
		{3A2BD04F-3E19-4581-B01F-08ED954EB5CE}.Release|Any CPU.ActiveCfg = Release|Any CPU
		{3A2BD04F-3E19-4581-B01F-08ED954EB5CE}.Release|Any CPU.Build.0 = Release|Any CPU
		{D020ACE2-8DAD-43AB-B59B-30F7A4DCF6CD}.Debug|Any CPU.ActiveCfg = Debug|Any CPU
		{D020ACE2-8DAD-43AB-B59B-30F7A4DCF6CD}.Debug|Any CPU.Build.0 = Debug|Any CPU
		{D020ACE2-8DAD-43AB-B59B-30F7A4DCF6CD}.Release|Any CPU.ActiveCfg = Release|Any CPU
		{D020ACE2-8DAD-43AB-B59B-30F7A4DCF6CD}.Release|Any CPU.Build.0 = Release|Any CPU
		{C4046DB8-27A3-4C98-9862-9A76B0A4FE9D}.Debug|Any CPU.ActiveCfg = Debug|Any CPU
		{C4046DB8-27A3-4C98-9862-9A76B0A4FE9D}.Debug|Any CPU.Build.0 = Debug|Any CPU
		{C4046DB8-27A3-4C98-9862-9A76B0A4FE9D}.Release|Any CPU.ActiveCfg = Release|Any CPU
		{C4046DB8-27A3-4C98-9862-9A76B0A4FE9D}.Release|Any CPU.Build.0 = Release|Any CPU
	EndGlobalSection
	GlobalSection(SolutionProperties) = preSolution
		HideSolutionNode = FALSE
	EndGlobalSection
	GlobalSection(ExtensibilityGlobals) = postSolution
		SolutionGuid = {8918D888-9AD3-4DA6-8AEA-F5FA7C1D8844}
	EndGlobalSection
EndGlobal
